
Microsoft Visual Studio Solution File, Format Version 12.00
# Visual Studio Version 17
VisualStudioVersion = 17.8.34330.188
MinimumVisualStudioVersion = 10.0.40219.1
Project("{FAE04EC0-301F-11D3-BF4B-00C04F79EFBC}") = "CURD_Sahil", "CURD_Sahil\CURD_Sahil.csproj", "{D35F5409-8DF1-47E9-A01F-71FAB496D92E}"
EndProject
Global
	GlobalSection(SolutionConfigurationPlatforms) = preSolution
		Debug|Any CPU = Debug|Any CPU
		Release|Any CPU = Release|Any CPU
	EndGlobalSection
	GlobalSection(ProjectConfigurationPlatforms) = postSolution
		{D35F5409-8DF1-47E9-A01F-71FAB496D92E}.Debug|Any CPU.ActiveCfg = Debug|Any CPU
		{D35F5409-8DF1-47E9-A01F-71FAB496D92E}.Debug|Any CPU.Build.0 = Debug|Any CPU
		{D35F5409-8DF1-47E9-A01F-71FAB496D92E}.Release|Any CPU.ActiveCfg = Release|Any CPU
		{D35F5409-8DF1-47E9-A01F-71FAB496D92E}.Release|Any CPU.Build.0 = Release|Any CPU
	EndGlobalSection
	GlobalSection(SolutionProperties) = preSolution
		HideSolutionNode = FALSE
	EndGlobalSection
	GlobalSection(ExtensibilityGlobals) = postSolution
		SolutionGuid = {4EFD72FE-AE59-4BCF-B38B-DDA972B7C612}
	EndGlobalSection
EndGlobal
